<?xml version="1.0" encoding="utf-8"?>
<Project ToolsVersion="4.0" xmlns="http://schemas.microsoft.com/developer/msbuild/2003">
  <ItemGroup>
    <Filter Include="Исходные файлы">
      <UniqueIdentifier>{4FC737F1-C7A5-4376-A066-2A32D752A2FF}</UniqueIdentifier>
      <Extensions>cpp;c;cc;cxx;c++;cppm;ixx;def;odl;idl;hpj;bat;asm;asmx</Extensions>
    </Filter>
    <Filter Include="Файлы заголовков">
      <UniqueIdentifier>{93995380-89BD-4b04-88EB-625FBE52EBFB}</UniqueIdentifier>
      <Extensions>h;hh;hpp;hxx;h++;hm;inl;inc;ipp;xsd</Extensions>
    </Filter>
    <Filter Include="Файлы ресурсов">
      <UniqueIdentifier>{67DA6AB6-F800-4c08-8B7A-83BB121AAD01}</UniqueIdentifier>
      <Extensions>rc;ico;cur;bmp;dlg;rc2;rct;bin;rgs;gif;jpg;jpeg;jpe;resx;tiff;tif;png;wav;mfcribbon-ms</Extensions>
    </Filter>
    <Filter Include="Файлы ресурсов\parser">
      <UniqueIdentifier>{5b261a6d-d575-4523-8e6e-2fccaa7d2bf6}</UniqueIdentifier>
    </Filter>
    <Filter Include="Файлы ресурсов\encryption">
      <UniqueIdentifier>{d9218b08-8a0d-41dd-89e6-9881501aef6e}</UniqueIdentifier>
    </Filter>
    <Filter Include="Файлы ресурсов\scanner">
      <UniqueIdentifier>{83e7eccf-3f5e-41c9-a7ee-f1d03d57ef03}</UniqueIdentifier>
    </Filter>
  </ItemGroup>
  <ItemGroup>
    <ClCompile Include="src\main.cpp">
      <Filter>Файлы ресурсов</Filter>
    </ClCompile>
    <ClCompile Include="src\encryptor\encryptor.cpp">
      <Filter>Файлы ресурсов\encryption</Filter>
    </ClCompile>
    <ClCompile Include="src\scanner\scanner.cpp">
      <Filter>Файлы ресурсов\scanner</Filter>
    </ClCompile>
    <ClCompile Include="src\parser\parser.cpp">
      <Filter>Файлы ресурсов\parser</Filter>
    </ClCompile>
  </ItemGroup>
  <ItemGroup>
    <ClInclude Include="src\encryptor\encryptor.h">
      <Filter>Файлы ресурсов\encryption</Filter>
    </ClInclude>
    <ClInclude Include="src\scanner\scanner.h">
      <Filter>Файлы ресурсов\scanner</Filter>
    </ClInclude>
    <ClInclude Include="src\parser\parser.h">
      <Filter>Файлы ресурсов\parser</Filter>
    </ClInclude>
  </ItemGroup>
</Project>